// !$*UTF8*$!
{
	archiveVersion = 1;
	classes = {
	};
	objectVersion = 50;
	objects = {

/* Begin PBXBuildFile section */
		088D21852261BEC300F1AD5C /* AppDelegate.swift in Sources */ = {isa = PBXBuildFile; fileRef = 088D21842261BEC300F1AD5C /* AppDelegate.swift */; };
		088D21872261BEC300F1AD5C /* ViewController.swift in Sources */ = {isa = PBXBuildFile; fileRef = 088D21862261BEC300F1AD5C /* ViewController.swift */; };
		088D218A2261BEC300F1AD5C /* Main.storyboard in Resources */ = {isa = PBXBuildFile; fileRef = 088D21882261BEC300F1AD5C /* Main.storyboard */; };
		088D218D2261BEC300F1AD5C /* cat.xcdatamodeld in Sources */ = {isa = PBXBuildFile; fileRef = 088D218B2261BEC300F1AD5C /* cat.xcdatamodeld */; };
		088D218F2261BEC500F1AD5C /* Assets.xcassets in Resources */ = {isa = PBXBuildFile; fileRef = 088D218E2261BEC500F1AD5C /* Assets.xcassets */; };
		088D21922261BEC500F1AD5C /* LaunchScreen.storyboard in Resources */ = {isa = PBXBuildFile; fileRef = 088D21902261BEC500F1AD5C /* LaunchScreen.storyboard */; };
/* End PBXBuildFile section */

/* Begin PBXFileReference section */
		088D21812261BEC300F1AD5C /* cat.app */ = {isa = PBXFileReference; explicitFileType = wrapper.application; includeInIndex = 0; path = cat.app; sourceTree = BUILT_PRODUCTS_DIR; };
		088D21842261BEC300F1AD5C /* AppDelegate.swift */ = {isa = PBXFileReference; lastKnownFileType = sourcecode.swift; path = AppDelegate.swift; sourceTree = "<group>"; };
		088D21862261BEC300F1AD5C /* ViewController.swift */ = {isa = PBXFileReference; lastKnownFileType = sourcecode.swift; path = ViewController.swift; sourceTree = "<group>"; };
		088D21892261BEC300F1AD5C /* Base */ = {isa = PBXFileReference; lastKnownFileType = file.storyboard; name = Base; path = Base.lproj/Main.storyboard; sourceTree = "<group>"; };
		088D218C2261BEC300F1AD5C /* cat.xcdatamodel */ = {isa = PBXFileReference; lastKnownFileType = wrapper.xcdatamodel; path = cat.xcdatamodel; sourceTree = "<group>"; };
		088D218E2261BEC500F1AD5C /* Assets.xcassets */ = {isa = PBXFileReference; lastKnownFileType = folder.assetcatalog; path = Assets.xcassets; sourceTree = "<group>"; };
		088D21912261BEC500F1AD5C /* Base */ = {isa = PBXFileReference; lastKnownFileType = file.storyboard; name = Base; path = Base.lproj/LaunchScreen.storyboard; sourceTree = "<group>"; };
		088D21932261BEC500F1AD5C /* Info.plist */ = {isa = PBXFileReference; lastKnownFileType = text.plist.xml; path = Info.plist; sourceTree = "<group>"; };
/* End PBXFileReference section */

/* Begin PBXFrameworksBuildPhase section */
		088D217E2261BEC300F1AD5C /* Frameworks */ = {
			isa = PBXFrameworksBuildPhase;
			buildActionMask = 2147483647;
			files = (
			);
			runOnlyForDeploymentPostprocessing = 0;
		};
/* End PBXFrameworksBuildPhase section */

/* Begin PBXGroup section */
		088D21782261BEC300F1AD5C = {
			isa = PBXGroup;
			children = (
				088D21832261BEC300F1AD5C /* cat */,
				088D21822261BEC300F1AD5C /* Products */,
			);
			sourceTree = "<group>";
		};
		088D21822261BEC300F1AD5C /* Products */ = {
			isa = PBXGroup;
			children = (
				088D21812261BEC300F1AD5C /* cat.app */,
			);
			name = Products;
			sourceTree = "<group>";
		};
		088D21832261BEC300F1AD5C /* cat */ = {
			isa = PBXGroup;
			children = (
				088D21842261BEC300F1AD5C /* AppDelegate.swift */,
				088D21862261BEC300F1AD5C /* ViewController.swift */,
				088D21882261BEC300F1AD5C /* Main.storyboard */,
				088D218E2261BEC500F1AD5C /* Assets.xcassets */,
				088D21902261BEC500F1AD5C /* LaunchScreen.storyboard */,
				088D21932261BEC500F1AD5C /* Info.plist */,
				088D218B2261BEC300F1AD5C /* cat.xcdatamodeld */,
			);
			path = cat;
			sourceTree = "<group>";
		};
/* End PBXGroup section */

/* Begin PBXNativeTarget section */
		088D21802261BEC300F1AD5C /* cat */ = {
			isa = PBXNativeTarget;
			buildConfigurationList = 088D21962261BEC500F1AD5C /* Build configuration list for PBXNativeTarget "cat" */;
			buildPhases = (
				088D217D2261BEC300F1AD5C /* Sources */,
				088D217E2261BEC300F1AD5C /* Frameworks */,
				088D217F2261BEC300F1AD5C /* Resources */,
			);
			buildRules = (
			);
			dependencies = (
			);
			name = cat;
			productName = cat;
			productReference = 088D21812261BEC300F1AD5C /* cat.app */;
			productType = "com.apple.product-type.application";
		};
/* End PBXNativeTarget section */

/* Begin PBXProject section */
		088D21792261BEC300F1AD5C /* Project object */ = {
			isa = PBXProject;
			attributes = {
				LastSwiftUpdateCheck = 1020;
				LastUpgradeCheck = 1020;
				ORGANIZATIONNAME = TING;
				TargetAttributes = {
					088D21802261BEC300F1AD5C = {
						CreatedOnToolsVersion = 10.2;
					};
				};
			};
			buildConfigurationList = 088D217C2261BEC300F1AD5C /* Build configuration list for PBXProject "cat" */;
			compatibilityVersion = "Xcode 9.3";
			developmentRegion = en;
			hasScannedForEncodings = 0;
			knownRegions = (
				en,
				Base,
			);
			mainGroup = 088D21782261BEC300F1AD5C;
			productRefGroup = 088D21822261BEC300F1AD5C /* Products */;
			projectDirPath = "";
			projectRoot = "";
			targets = (
				088D21802261BEC300F1AD5C /* cat */,
			);
		};
/* End PBXProject section */

/* Begin PBXResourcesBuildPhase section */
		088D217F2261BEC300F1AD5C /* Resources */ = {
			isa = PBXResourcesBuildPhase;
			buildActionMask = 2147483647;
			files = (
				088D21922261BEC500F1AD5C /* LaunchScreen.storyboard in Resources */,
				088D218F2261BEC500F1AD5C /* Assets.xcassets in Resources */,
				088D218A2261BEC300F1AD5C /* Main.storyboard in Resources */,
			);
			runOnlyForDeploymentPostprocessing = 0;
		};
/* End PBXResourcesBuildPhase section */

/* Begin PBXSourcesBuildPhase section */
		088D217D2261BEC300F1AD5C /* Sources */ = {
			isa = PBXSourcesBuildPhase;
			buildActionMask = 2147483647;
			files = (
				088D21872261BEC300F1AD5C /* ViewController.swift in Sources */,
				088D218D2261BEC300F1AD5C /* cat.xcdatamodeld in Sources */,
				088D21852261BEC300F1AD5C /* AppDelegate.swift in Sources */,
			);
			runOnlyForDeploymentPostprocessing = 0;
		};
/* End PBXSourcesBuildPhase section */

/* Begin PBXVariantGroup section */
		088D21882261BEC300F1AD5C /* Main.storyboard */ = {
			isa = PBXVariantGroup;
			children = (
				088D21892261BEC300F1AD5C /* Base */,
			);
			name = Main.storyboard;
			sourceTree = "<group>";
		};
		088D21902261BEC500F1AD5C /* LaunchScreen.storyboard */ = {
			isa = PBXVariantGroup;
			children = (
				088D21912261BEC500F1AD5C /* Base */,
			);
			name = LaunchScreen.storyboard;
			sourceTree = "<group>";
		};
/* End PBXVariantGroup section */

/* Begin XCBuildConfiguration section */
		088D21942261BEC500F1AD5C /* Debug */ = {
			isa = XCBuildConfiguration;
			buildSettings = {
				ALWAYS_SEARCH_USER_PATHS = NO;
				CLANG_ANALYZER_NONNULL = YES;
				CLANG_ANALYZER_NUMBER_OBJECT_CONVERSION = YES_AGGRESSIVE;
				CLANG_CXX_LANGUAGE_STANDARD = "gnu++14";
				CLANG_CXX_LIBRARY = "libc++";
				CLANG_ENABLE_MODULES = YES;
				CLANG_ENABLE_OBJC_ARC = YES;
				CLANG_ENABLE_OBJC_WEAK = YES;
				CLANG_WARN_BLOCK_CAPTURE_AUTORELEASING = YES;
				CLANG_WARN_BOOL_CONVERSION = YES;
				CLANG_WARN_COMMA = YES;
				CLANG_WARN_CONSTANT_CONVERSION = YES;
				CLANG_WARN_DEPRECATED_OBJC_IMPLEMENTATIONS = YES;
				CLANG_WARN_DIRECT_OBJC_ISA_USAGE = YES_ERROR;
				CLANG_WARN_DOCUMENTATION_COMMENTS = YES;
				CLANG_WARN_EMPTY_BODY = YES;
				CLANG_WARN_ENUM_CONVERSION = YES;
				CLANG_WARN_INFINITE_RECURSION = YES;
				CLANG_WARN_INT_CONVERSION = YES;
				CLANG_WARN_NON_LITERAL_NULL_CONVERSION = YES;
				CLANG_WARN_OBJC_IMPLICIT_RETAIN_SELF = YES;
				CLANG_WARN_OBJC_LITERAL_CONVERSION = YES;
				CLANG_WARN_OBJC_ROOT_CLASS = YES_ERROR;
				CLANG_WARN_RANGE_LOOP_ANALYSIS = YES;
				CLANG_WARN_STRICT_PROTOTYPES = YES;
				CLANG_WARN_SUSPICIOUS_MOVE = YES;
				CLANG_WARN_UNGUARDED_AVAILABILITY = YES_AGGRESSIVE;
				CLANG_WARN_UNREACHABLE_CODE = YES;
				CLANG_WARN__DUPLICATE_METHOD_MATCH = YES;
				CODE_SIGN_IDENTITY = "iPhone Developer";
				COPY_PHASE_STRIP = NO;
				DEBUG_INFORMATION_FORMAT = dwarf;
				ENABLE_STRICT_OBJC_MSGSEND = YES;
				ENABLE_TESTABILITY = YES;
				GCC_C_LANGUAGE_STANDARD = gnu11;
				GCC_DYNAMIC_NO_PIC = NO;
				GCC_NO_COMMON_BLOCKS = YES;
				GCC_OPTIMIZATION_LEVEL = 0;
				GCC_PREPROCESSOR_DEFINITIONS = (
					"DEBUG=1",
					"$(inherited)",
				);
				GCC_WARN_64_TO_32_BIT_CONVERSION = YES;
				GCC_WARN_ABOUT_RETURN_TYPE = YES_ERROR;
				GCC_WARN_UNDECLARED_SELECTOR = YES;
				GCC_WARN_UNINITIALIZED_AUTOS = YES_AGGRESSIVE;
				GCC_WARN_UNUSED_FUNCTION = YES;
				GCC_WARN_UNUSED_VARIABLE = YES;
				IPHONEOS_DEPLOYMENT_TARGET = 12.2;
				MTL_ENABLE_DEBUG_INFO = INCLUDE_SOURCE;
				MTL_FAST_MATH = YES;
				ONLY_ACTIVE_ARCH = YES;
				SDKROOT = iphoneos;
				SWIFT_ACTIVE_COMPILATION_CONDITIONS = DEBUG;
				SWIFT_OPTIMIZATION_LEVEL = "-Onone";
			};
			name = Debug;
		};
		088D21952261BEC500F1AD5C /* Release */ = {
			isa = XCBuildConfiguration;
			buildSettings = {
				ALWAYS_SEARCH_USER_PATHS = NO;
				CLANG_ANALYZER_NONNULL = YES;
				CLANG_ANALYZER_NUMBER_OBJECT_CONVERSION = YES_AGGRESSIVE;
				CLANG_CXX_LANGUAGE_STANDARD = "gnu++14";
				CLANG_CXX_LIBRARY = "libc++";
				CLANG_ENABLE_MODULES = YES;
				CLANG_ENABLE_OBJC_ARC = YES;
				CLANG_ENABLE_OBJC_WEAK = YES;
				CLANG_WARN_BLOCK_CAPTURE_AUTORELEASING = YES;
				CLANG_WARN_BOOL_CONVERSION = YES;
				CLANG_WARN_COMMA = YES;
				CLANG_WARN_CONSTANT_CONVERSION = YES;
				CLANG_WARN_DEPRECATED_OBJC_IMPLEMENTATIONS = YES;
				CLANG_WARN_DIRECT_OBJC_ISA_USAGE = YES_ERROR;
				CLANG_WARN_DOCUMENTATION_COMMENTS = YES;
				CLANG_WARN_EMPTY_BODY = YES;
				CLANG_WARN_ENUM_CONVERSION = YES;
				CLANG_WARN_INFINITE_RECURSION = YES;
				CLANG_WARN_INT_CONVERSION = YES;
				CLANG_WARN_NON_LITERAL_NULL_CONVERSION = YES;
				CLANG_WARN_OBJC_IMPLICIT_RETAIN_SELF = YES;
				CLANG_WARN_OBJC_LITERAL_CONVERSION = YES;
				CLANG_WARN_OBJC_ROOT_CLASS = YES_ERROR;
				CLANG_WARN_RANGE_LOOP_ANALYSIS = YES;
				CLANG_WARN_STRICT_PROTOTYPES = YES;
				CLANG_WARN_SUSPICIOUS_MOVE = YES;
				CLANG_WARN_UNGUARDED_AVAILABILITY = YES_AGGRESSIVE;
				CLANG_WARN_UNREACHABLE_CODE = YES;
				CLANG_WARN__DUPLICATE_METHOD_MATCH = YES;
				CODE_SIGN_IDENTITY = "iPhone Developer";
				COPY_PHASE_STRIP = NO;
				DEBUG_INFORMATION_FORMAT = "dwarf-with-dsym";
				ENABLE_NS_ASSERTIONS = NO;
				ENABLE_STRICT_OBJC_MSGSEND = YES;
				GCC_C_LANGUAGE_STANDARD = gnu11;
				GCC_NO_COMMON_BLOCKS = YES;
				GCC_WARN_64_TO_32_BIT_CONVERSION = YES;
				GCC_WARN_ABOUT_RETURN_TYPE = YES_ERROR;
				GCC_WARN_UNDECLARED_SELECTOR = YES;
				GCC_WARN_UNINITIALIZED_AUTOS = YES_AGGRESSIVE;
				GCC_WARN_UNUSED_FUNCTION = YES;
				GCC_WARN_UNUSED_VARIABLE = YES;
				IPHONEOS_DEPLOYMENT_TARGET = 12.2;
				MTL_ENABLE_DEBUG_INFO = NO;
				MTL_FAST_MATH = YES;
				SDKROOT = iphoneos;
				SWIFT_COMPILATION_MODE = wholemodule;
				SWIFT_OPTIMIZATION_LEVEL = "-O";
				VALIDATE_PRODUCT = YES;
			};
			name = Release;
		};
		088D21972261BEC500F1AD5C /* Debug */ = {
			isa = XCBuildConfiguration;
			buildSettings = {
				ASSETCATALOG_COMPILER_APPICON_NAME = AppIcon;
				CODE_SIGN_STYLE = Automatic;
				INFOPLIST_FILE = cat/Info.plist;
				LD_RUNPATH_SEARCH_PATHS = (
					"$(inherited)",
					"@executable_path/Frameworks",
				);
				PRODUCT_BUNDLE_IDENTIFIER = com.ting.cat;
				PRODUCT_NAME = "$(TARGET_NAME)";
				SWIFT_VERSION = 5.0;
				TARGETED_DEVICE_FAMILY = "1,2";
			};
			name = Debug;
		};
		088D21982261BEC500F1AD5C /* Release */ = {
			isa = XCBuildConfiguration;
			buildSettings = {
				ASSETCATALOG_COMPILER_APPICON_NAME = AppIcon;
				CODE_SIGN_STYLE = Automatic;
				INFOPLIST_FILE = cat/Info.plist;
				LD_RUNPATH_SEARCH_PATHS = (
					"$(inherited)",
					"@executable_path/Frameworks",
				);
				PRODUCT_BUNDLE_IDENTIFIER = com.ting.cat;
				PRODUCT_NAME = "$(TARGET_NAME)";
				SWIFT_VERSION = 5.0;
				TARGETED_DEVICE_FAMILY = "1,2";
			};
			name = Release;
		};
/* End XCBuildConfiguration section */

/* Begin XCConfigurationList section */
		088D217C2261BEC300F1AD5C /* Build configuration list for PBXProject "cat" */ = {
			isa = XCConfigurationList;
			buildConfigurations = (
				088D21942261BEC500F1AD5C /* Debug */,
				088D21952261BEC500F1AD5C /* Release */,
			);
			defaultConfigurationIsVisible = 0;
			defaultConfigurationName = Release;
		};
		088D21962261BEC500F1AD5C /* Build configuration list for PBXNativeTarget "cat" */ = {
			isa = XCConfigurationList;
			buildConfigurations = (
				088D21972261BEC500F1AD5C /* Debug */,
				088D21982261BEC500F1AD5C /* Release */,
			);
			defaultConfigurationIsVisible = 0;
			defaultConfigurationName = Release;
		};
/* End XCConfigurationList section */

/* Begin XCVersionGroup section */
		088D218B2261BEC300F1AD5C /* cat.xcdatamodeld */ = {
			isa = XCVersionGroup;
			children = (
				088D218C2261BEC300F1AD5C /* cat.xcdatamodel */,
			);
			currentVersion = 088D218C2261BEC300F1AD5C /* cat.xcdatamodel */;
			path = cat.xcdatamodeld;
			sourceTree = "<group>";
			versionGroupType = wrapper.xcdatamodel;
		};
/* End XCVersionGroup section */
	};
	rootObject = 088D21792261BEC300F1AD5C /* Project object */;
}
